
Microsoft Visual Studio Solution File, Format Version 12.00
# Visual Studio Version 17
VisualStudioVersion = 17.13.35825.156 d17.13
MinimumVisualStudioVersion = 10.0.40219.1
Project("{FAE04EC0-301F-11D3-BF4B-00C04F79EFBC}") = "CarListApp.Maui", "CarListApp.Maui\CarListApp.Maui.csproj", "{B9D1FD6E-30B5-4029-A121-39D946389BFD}"
EndProject
Global
	GlobalSection(SolutionConfigurationPlatforms) = preSolution
		Debug|Any CPU = Debug|Any CPU
		Release|Any CPU = Release|Any CPU
	EndGlobalSection
	GlobalSection(ProjectConfigurationPlatforms) = postSolution
		{B9D1FD6E-30B5-4029-A121-39D946389BFD}.Debug|Any CPU.ActiveCfg = Debug|Any CPU
		{B9D1FD6E-30B5-4029-A121-39D946389BFD}.Debug|Any CPU.Build.0 = Debug|Any CPU
		{B9D1FD6E-30B5-4029-A121-39D946389BFD}.Debug|Any CPU.Deploy.0 = Debug|Any CPU
		{B9D1FD6E-30B5-4029-A121-39D946389BFD}.Release|Any CPU.ActiveCfg = Release|Any CPU
		{B9D1FD6E-30B5-4029-A121-39D946389BFD}.Release|Any CPU.Build.0 = Release|Any CPU
		{B9D1FD6E-30B5-4029-A121-39D946389BFD}.Release|Any CPU.Deploy.0 = Release|Any CPU
	EndGlobalSection
	GlobalSection(SolutionProperties) = preSolution
		HideSolutionNode = FALSE
	EndGlobalSection
	GlobalSection(ExtensibilityGlobals) = postSolution
		SolutionGuid = {DC5C3FAD-65AD-4C46-9937-BC8EB1CBC8F6}
	EndGlobalSection
EndGlobal
